// !$*UTF8*$!
{
	archiveVersion = 1;
	classes = {
	};
	objectVersion = 46;
	objects = {

/* Begin PBXBuildFile section */
		6437771E1DCD77BD0077099A /* AnotherGoodSegmentedContro.m in Sources */ = {isa = PBXBuildFile; fileRef = 6437771C1DCD77BD0077099A /* AnotherGoodSegmentedContro.m */; };
		644571741DCCC1FD00683EB8 /* YYHSegmentedControl.m in Sources */ = {isa = PBXBuildFile; fileRef = 644571731DCCC1FD00683EB8 /* YYHSegmentedControl.m */; };
		648C7D881D93D7D100D1DFD1 /* main.m in Sources */ = {isa = PBXBuildFile; fileRef = 648C7D871D93D7D100D1DFD1 /* main.m */; };
		648C7D8B1D93D7D100D1DFD1 /* AppDelegate.m in Sources */ = {isa = PBXBuildFile; fileRef = 648C7D8A1D93D7D100D1DFD1 /* AppDelegate.m */; };
		648C7D8E1D93D7D100D1DFD1 /* ViewController.m in Sources */ = {isa = PBXBuildFile; fileRef = 648C7D8D1D93D7D100D1DFD1 /* ViewController.m */; };
		648C7D911D93D7D100D1DFD1 /* Main.storyboard in Resources */ = {isa = PBXBuildFile; fileRef = 648C7D8F1D93D7D100D1DFD1 /* Main.storyboard */; };
		648C7D931D93D7D100D1DFD1 /* Assets.xcassets in Resources */ = {isa = PBXBuildFile; fileRef = 648C7D921D93D7D100D1DFD1 /* Assets.xcassets */; };
		648C7D961D93D7D100D1DFD1 /* LaunchScreen.storyboard in Resources */ = {isa = PBXBuildFile; fileRef = 648C7D941D93D7D100D1DFD1 /* LaunchScreen.storyboard */; };
		648C7DA11D93D7D100D1DFD1 /* UISegDemoTests.m in Sources */ = {isa = PBXBuildFile; fileRef = 648C7DA01D93D7D100D1DFD1 /* UISegDemoTests.m */; };
		648C7DAC1D93D7D100D1DFD1 /* UISegDemoUITests.m in Sources */ = {isa = PBXBuildFile; fileRef = 648C7DAB1D93D7D100D1DFD1 /* UISegDemoUITests.m */; };
/* End PBXBuildFile section */

/* Begin PBXContainerItemProxy section */
		648C7D9D1D93D7D100D1DFD1 /* PBXContainerItemProxy */ = {
			isa = PBXContainerItemProxy;
			containerPortal = 648C7D7B1D93D7D100D1DFD1 /* Project object */;
			proxyType = 1;
			remoteGlobalIDString = 648C7D821D93D7D100D1DFD1;
			remoteInfo = UISegDemo;
		};
		648C7DA81D93D7D100D1DFD1 /* PBXContainerItemProxy */ = {
			isa = PBXContainerItemProxy;
			containerPortal = 648C7D7B1D93D7D100D1DFD1 /* Project object */;
			proxyType = 1;
			remoteGlobalIDString = 648C7D821D93D7D100D1DFD1;
			remoteInfo = UISegDemo;
		};
/* End PBXContainerItemProxy section */

/* Begin PBXFileReference section */
		6437771C1DCD77BD0077099A /* AnotherGoodSegmentedContro.m */ = {isa = PBXFileReference; fileEncoding = 4; lastKnownFileType = sourcecode.c.objc; path = AnotherGoodSegmentedContro.m; sourceTree = "<group>"; };
		6437771D1DCD77BD0077099A /* AnotherGoodSegmentedControl.h */ = {isa = PBXFileReference; fileEncoding = 4; lastKnownFileType = sourcecode.c.h; path = AnotherGoodSegmentedControl.h; sourceTree = "<group>"; };
		644571721DCCC1FD00683EB8 /* YYHSegmentedControl.h */ = {isa = PBXFileReference; fileEncoding = 4; lastKnownFileType = sourcecode.c.h; path = YYHSegmentedControl.h; sourceTree = "<group>"; };
		644571731DCCC1FD00683EB8 /* YYHSegmentedControl.m */ = {isa = PBXFileReference; fileEncoding = 4; lastKnownFileType = sourcecode.c.objc; path = YYHSegmentedControl.m; sourceTree = "<group>"; };
		648C7D831D93D7D100D1DFD1 /* UISegDemo.app */ = {isa = PBXFileReference; explicitFileType = wrapper.application; includeInIndex = 0; path = UISegDemo.app; sourceTree = BUILT_PRODUCTS_DIR; };
		648C7D871D93D7D100D1DFD1 /* main.m */ = {isa = PBXFileReference; lastKnownFileType = sourcecode.c.objc; path = main.m; sourceTree = "<group>"; };
		648C7D891D93D7D100D1DFD1 /* AppDelegate.h */ = {isa = PBXFileReference; lastKnownFileType = sourcecode.c.h; path = AppDelegate.h; sourceTree = "<group>"; };
		648C7D8A1D93D7D100D1DFD1 /* AppDelegate.m */ = {isa = PBXFileReference; lastKnownFileType = sourcecode.c.objc; path = AppDelegate.m; sourceTree = "<group>"; };
		648C7D8C1D93D7D100D1DFD1 /* ViewController.h */ = {isa = PBXFileReference; lastKnownFileType = sourcecode.c.h; path = ViewController.h; sourceTree = "<group>"; };
		648C7D8D1D93D7D100D1DFD1 /* ViewController.m */ = {isa = PBXFileReference; lastKnownFileType = sourcecode.c.objc; path = ViewController.m; sourceTree = "<group>"; };
		648C7D901D93D7D100D1DFD1 /* Base */ = {isa = PBXFileReference; lastKnownFileType = file.storyboard; name = Base; path = Base.lproj/Main.storyboard; sourceTree = "<group>"; };
		648C7D921D93D7D100D1DFD1 /* Assets.xcassets */ = {isa = PBXFileReference; lastKnownFileType = folder.assetcatalog; path = Assets.xcassets; sourceTree = "<group>"; };
		648C7D951D93D7D100D1DFD1 /* Base */ = {isa = PBXFileReference; lastKnownFileType = file.storyboard; name = Base; path = Base.lproj/LaunchScreen.storyboard; sourceTree = "<group>"; };
		648C7D971D93D7D100D1DFD1 /* Info.plist */ = {isa = PBXFileReference; lastKnownFileType = text.plist.xml; path = Info.plist; sourceTree = "<group>"; };
		648C7D9C1D93D7D100D1DFD1 /* UISegDemoTests.xctest */ = {isa = PBXFileReference; explicitFileType = wrapper.cfbundle; includeInIndex = 0; path = UISegDemoTests.xctest; sourceTree = BUILT_PRODUCTS_DIR; };
		648C7DA01D93D7D100D1DFD1 /* UISegDemoTests.m */ = {isa = PBXFileReference; lastKnownFileType = sourcecode.c.objc; path = UISegDemoTests.m; sourceTree = "<group>"; };
		648C7DA21D93D7D100D1DFD1 /* Info.plist */ = {isa = PBXFileReference; lastKnownFileType = text.plist.xml; path = Info.plist; sourceTree = "<group>"; };
		648C7DA71D93D7D100D1DFD1 /* UISegDemoUITests.xctest */ = {isa = PBXFileReference; explicitFileType = wrapper.cfbundle; includeInIndex = 0; path = UISegDemoUITests.xctest; sourceTree = BUILT_PRODUCTS_DIR; };
		648C7DAB1D93D7D100D1DFD1 /* UISegDemoUITests.m */ = {isa = PBXFileReference; lastKnownFileType = sourcecode.c.objc; path = UISegDemoUITests.m; sourceTree = "<group>"; };
		648C7DAD1D93D7D100D1DFD1 /* Info.plist */ = {isa = PBXFileReference; lastKnownFileType = text.plist.xml; path = Info.plist; sourceTree = "<group>"; };
/* End PBXFileReference section */

/* Begin PBXFrameworksBuildPhase section */
		648C7D801D93D7D100D1DFD1 /* Frameworks */ = {
			isa = PBXFrameworksBuildPhase;
			buildActionMask = 2147483647;
			files = (
			);
			runOnlyForDeploymentPostprocessing = 0;
		};
		648C7D991D93D7D100D1DFD1 /* Frameworks */ = {
			isa = PBXFrameworksBuildPhase;
			buildActionMask = 2147483647;
			files = (
			);
			runOnlyForDeploymentPostprocessing = 0;
		};
		648C7DA41D93D7D100D1DFD1 /* Frameworks */ = {
			isa = PBXFrameworksBuildPhase;
			buildActionMask = 2147483647;
			files = (
			);
			runOnlyForDeploymentPostprocessing = 0;
		};
/* End PBXFrameworksBuildPhase section */

/* Begin PBXGroup section */
		648C7D7A1D93D7D100D1DFD1 = {
			isa = PBXGroup;
			children = (
				648C7D851D93D7D100D1DFD1 /* UISegDemo */,
				648C7D9F1D93D7D100D1DFD1 /* UISegDemoTests */,
				648C7DAA1D93D7D100D1DFD1 /* UISegDemoUITests */,
				648C7D841D93D7D100D1DFD1 /* Products */,
			);
			sourceTree = "<group>";
		};
		648C7D841D93D7D100D1DFD1 /* Products */ = {
			isa = PBXGroup;
			children = (
				648C7D831D93D7D100D1DFD1 /* UISegDemo.app */,
				648C7D9C1D93D7D100D1DFD1 /* UISegDemoTests.xctest */,
				648C7DA71D93D7D100D1DFD1 /* UISegDemoUITests.xctest */,
			);
			name = Products;
			sourceTree = "<group>";
		};
		648C7D851D93D7D100D1DFD1 /* UISegDemo */ = {
			isa = PBXGroup;
			children = (
				6437771C1DCD77BD0077099A /* AnotherGoodSegmentedContro.m */,
				6437771D1DCD77BD0077099A /* AnotherGoodSegmentedControl.h */,
				644571721DCCC1FD00683EB8 /* YYHSegmentedControl.h */,
				644571731DCCC1FD00683EB8 /* YYHSegmentedControl.m */,
				648C7D891D93D7D100D1DFD1 /* AppDelegate.h */,
				648C7D8A1D93D7D100D1DFD1 /* AppDelegate.m */,
				648C7D8C1D93D7D100D1DFD1 /* ViewController.h */,
				648C7D8D1D93D7D100D1DFD1 /* ViewController.m */,
				648C7D8F1D93D7D100D1DFD1 /* Main.storyboard */,
				648C7D921D93D7D100D1DFD1 /* Assets.xcassets */,
				648C7D941D93D7D100D1DFD1 /* LaunchScreen.storyboard */,
				648C7D971D93D7D100D1DFD1 /* Info.plist */,
				648C7D861D93D7D100D1DFD1 /* Supporting Files */,
			);
			path = UISegDemo;
			sourceTree = "<group>";
		};
		648C7D861D93D7D100D1DFD1 /* Supporting Files */ = {
			isa = PBXGroup;
			children = (
				648C7D871D93D7D100D1DFD1 /* main.m */,
			);
			name = "Supporting Files";
			sourceTree = "<group>";
		};
		648C7D9F1D93D7D100D1DFD1 /* UISegDemoTests */ = {
			isa = PBXGroup;
			children = (
				648C7DA01D93D7D100D1DFD1 /* UISegDemoTests.m */,
				648C7DA21D93D7D100D1DFD1 /* Info.plist */,
			);
			path = UISegDemoTests;
			sourceTree = "<group>";
		};
		648C7DAA1D93D7D100D1DFD1 /* UISegDemoUITests */ = {
			isa = PBXGroup;
			children = (
				648C7DAB1D93D7D100D1DFD1 /* UISegDemoUITests.m */,
				648C7DAD1D93D7D100D1DFD1 /* Info.plist */,
			);
			path = UISegDemoUITests;
			sourceTree = "<group>";
		};
/* End PBXGroup section */

/* Begin PBXNativeTarget section */
		648C7D821D93D7D100D1DFD1 /* UISegDemo */ = {
			isa = PBXNativeTarget;
			buildConfigurationList = 648C7DB01D93D7D100D1DFD1 /* Build configuration list for PBXNativeTarget "UISegDemo" */;
			buildPhases = (
				648C7D7F1D93D7D100D1DFD1 /* Sources */,
				648C7D801D93D7D100D1DFD1 /* Frameworks */,
				648C7D811D93D7D100D1DFD1 /* Resources */,
			);
			buildRules = (
			);
			dependencies = (
			);
			name = UISegDemo;
			productName = UISegDemo;
			productReference = 648C7D831D93D7D100D1DFD1 /* UISegDemo.app */;
			productType = "com.apple.product-type.application";
		};
		648C7D9B1D93D7D100D1DFD1 /* UISegDemoTests */ = {
			isa = PBXNativeTarget;
			buildConfigurationList = 648C7DB31D93D7D100D1DFD1 /* Build configuration list for PBXNativeTarget "UISegDemoTests" */;
			buildPhases = (
				648C7D981D93D7D100D1DFD1 /* Sources */,
				648C7D991D93D7D100D1DFD1 /* Frameworks */,
				648C7D9A1D93D7D100D1DFD1 /* Resources */,
			);
			buildRules = (
			);
			dependencies = (
				648C7D9E1D93D7D100D1DFD1 /* PBXTargetDependency */,
			);
			name = UISegDemoTests;
			productName = UISegDemoTests;
			productReference = 648C7D9C1D93D7D100D1DFD1 /* UISegDemoTests.xctest */;
			productType = "com.apple.product-type.bundle.unit-test";
		};
		648C7DA61D93D7D100D1DFD1 /* UISegDemoUITests */ = {
			isa = PBXNativeTarget;
			buildConfigurationList = 648C7DB61D93D7D100D1DFD1 /* Build configuration list for PBXNativeTarget "UISegDemoUITests" */;
			buildPhases = (
				648C7DA31D93D7D100D1DFD1 /* Sources */,
				648C7DA41D93D7D100D1DFD1 /* Frameworks */,
				648C7DA51D93D7D100D1DFD1 /* Resources */,
			);
			buildRules = (
			);
			dependencies = (
				648C7DA91D93D7D100D1DFD1 /* PBXTargetDependency */,
			);
			name = UISegDemoUITests;
			productName = UISegDemoUITests;
			productReference = 648C7DA71D93D7D100D1DFD1 /* UISegDemoUITests.xctest */;
			productType = "com.apple.product-type.bundle.ui-testing";
		};
/* End PBXNativeTarget section */

/* Begin PBXProject section */
		648C7D7B1D93D7D100D1DFD1 /* Project object */ = {
			isa = PBXProject;
			attributes = {
				LastUpgradeCheck = 0730;
				ORGANIZATIONNAME = netposa;
				TargetAttributes = {
					648C7D821D93D7D100D1DFD1 = {
						CreatedOnToolsVersion = 7.3.1;
					};
					648C7D9B1D93D7D100D1DFD1 = {
						CreatedOnToolsVersion = 7.3.1;
						TestTargetID = 648C7D821D93D7D100D1DFD1;
					};
					648C7DA61D93D7D100D1DFD1 = {
						CreatedOnToolsVersion = 7.3.1;
						TestTargetID = 648C7D821D93D7D100D1DFD1;
					};
				};
			};
			buildConfigurationList = 648C7D7E1D93D7D100D1DFD1 /* Build configuration list for PBXProject "UISegDemo" */;
			compatibilityVersion = "Xcode 3.2";
			developmentRegion = English;
			hasScannedForEncodings = 0;
			knownRegions = (
				en,
				Base,
			);
			mainGroup = 648C7D7A1D93D7D100D1DFD1;
			productRefGroup = 648C7D841D93D7D100D1DFD1 /* Products */;
			projectDirPath = "";
			projectRoot = "";
			targets = (
				648C7D821D93D7D100D1DFD1 /* UISegDemo */,
				648C7D9B1D93D7D100D1DFD1 /* UISegDemoTests */,
				648C7DA61D93D7D100D1DFD1 /* UISegDemoUITests */,
			);
		};
/* End PBXProject section */

/* Begin PBXResourcesBuildPhase section */
		648C7D811D93D7D100D1DFD1 /* Resources */ = {
			isa = PBXResourcesBuildPhase;
			buildActionMask = 2147483647;
			files = (
				648C7D961D93D7D100D1DFD1 /* LaunchScreen.storyboard in Resources */,
				648C7D931D93D7D100D1DFD1 /* Assets.xcassets in Resources */,
				648C7D911D93D7D100D1DFD1 /* Main.storyboard in Resources */,
			);
			runOnlyForDeploymentPostprocessing = 0;
		};
		648C7D9A1D93D7D100D1DFD1 /* Resources */ = {
			isa = PBXResourcesBuildPhase;
			buildActionMask = 2147483647;
			files = (
			);
			runOnlyForDeploymentPostprocessing = 0;
		};
		648C7DA51D93D7D100D1DFD1 /* Resources */ = {
			isa = PBXResourcesBuildPhase;
			buildActionMask = 2147483647;
			files = (
			);
			runOnlyForDeploymentPostprocessing = 0;
		};
/* End PBXResourcesBuildPhase section */

/* Begin PBXSourcesBuildPhase section */
		648C7D7F1D93D7D100D1DFD1 /* Sources */ = {
			isa = PBXSourcesBuildPhase;
			buildActionMask = 2147483647;
			files = (
				6437771E1DCD77BD0077099A /* AnotherGoodSegmentedContro.m in Sources */,
				648C7D8E1D93D7D100D1DFD1 /* ViewController.m in Sources */,
				648C7D8B1D93D7D100D1DFD1 /* AppDelegate.m in Sources */,
				648C7D881D93D7D100D1DFD1 /* main.m in Sources */,
				644571741DCCC1FD00683EB8 /* YYHSegmentedControl.m in Sources */,
			);
			runOnlyForDeploymentPostprocessing = 0;
		};
		648C7D981D93D7D100D1DFD1 /* Sources */ = {
			isa = PBXSourcesBuildPhase;
			buildActionMask = 2147483647;
			files = (
				648C7DA11D93D7D100D1DFD1 /* UISegDemoTests.m in Sources */,
			);
			runOnlyForDeploymentPostprocessing = 0;
		};
		648C7DA31D93D7D100D1DFD1 /* Sources */ = {
			isa = PBXSourcesBuildPhase;
			buildActionMask = 2147483647;
			files = (
				648C7DAC1D93D7D100D1DFD1 /* UISegDemoUITests.m in Sources */,
			);
			runOnlyForDeploymentPostprocessing = 0;
		};
/* End PBXSourcesBuildPhase section */

/* Begin PBXTargetDependency section */
		648C7D9E1D93D7D100D1DFD1 /* PBXTargetDependency */ = {
			isa = PBXTargetDependency;
			target = 648C7D821D93D7D100D1DFD1 /* UISegDemo */;
			targetProxy = 648C7D9D1D93D7D100D1DFD1 /* PBXContainerItemProxy */;
		};
		648C7DA91D93D7D100D1DFD1 /* PBXTargetDependency */ = {
			isa = PBXTargetDependency;
			target = 648C7D821D93D7D100D1DFD1 /* UISegDemo */;
			targetProxy = 648C7DA81D93D7D100D1DFD1 /* PBXContainerItemProxy */;
		};
/* End PBXTargetDependency section */

/* Begin PBXVariantGroup section */
		648C7D8F1D93D7D100D1DFD1 /* Main.storyboard */ = {
			isa = PBXVariantGroup;
			children = (
				648C7D901D93D7D100D1DFD1 /* Base */,
			);
			name = Main.storyboard;
			sourceTree = "<group>";
		};
		648C7D941D93D7D100D1DFD1 /* LaunchScreen.storyboard */ = {
			isa = PBXVariantGroup;
			children = (
				648C7D951D93D7D100D1DFD1 /* Base */,
			);
			name = LaunchScreen.storyboard;
			sourceTree = "<group>";
		};
/* End PBXVariantGroup section */

/* Begin XCBuildConfiguration section */
		648C7DAE1D93D7D100D1DFD1 /* Debug */ = {
			isa = XCBuildConfiguration;
			buildSettings = {
				ALWAYS_SEARCH_USER_PATHS = NO;
				CLANG_ANALYZER_NONNULL = YES;
				CLANG_CXX_LANGUAGE_STANDARD = "gnu++0x";
				CLANG_CXX_LIBRARY = "libc++";
				CLANG_ENABLE_MODULES = YES;
				CLANG_ENABLE_OBJC_ARC = YES;
				CLANG_WARN_BOOL_CONVERSION = YES;
				CLANG_WARN_CONSTANT_CONVERSION = YES;
				CLANG_WARN_DIRECT_OBJC_ISA_USAGE = YES_ERROR;
				CLANG_WARN_EMPTY_BODY = YES;
				CLANG_WARN_ENUM_CONVERSION = YES;
				CLANG_WARN_INT_CONVERSION = YES;
				CLANG_WARN_OBJC_ROOT_CLASS = YES_ERROR;
				CLANG_WARN_UNREACHABLE_CODE = YES;
				CLANG_WARN__DUPLICATE_METHOD_MATCH = YES;
				"CODE_SIGN_IDENTITY[sdk=iphoneos*]" = "iPhone Developer";
				COPY_PHASE_STRIP = NO;
				DEBUG_INFORMATION_FORMAT = dwarf;
				ENABLE_STRICT_OBJC_MSGSEND = YES;
				ENABLE_TESTABILITY = YES;
				GCC_C_LANGUAGE_STANDARD = gnu99;
				GCC_DYNAMIC_NO_PIC = NO;
				GCC_NO_COMMON_BLOCKS = YES;
				GCC_OPTIMIZATION_LEVEL = 0;
				GCC_PREPROCESSOR_DEFINITIONS = (
					"DEBUG=1",
					"$(inherited)",
				);
				GCC_WARN_64_TO_32_BIT_CONVERSION = YES;
				GCC_WARN_ABOUT_RETURN_TYPE = YES_ERROR;
				GCC_WARN_UNDECLARED_SELECTOR = YES;
				GCC_WARN_UNINITIALIZED_AUTOS = YES_AGGRESSIVE;
				GCC_WARN_UNUSED_FUNCTION = YES;
				GCC_WARN_UNUSED_VARIABLE = YES;
				IPHONEOS_DEPLOYMENT_TARGET = 9.3;
				MTL_ENABLE_DEBUG_INFO = YES;
				ONLY_ACTIVE_ARCH = YES;
				SDKROOT = iphoneos;
				TARGETED_DEVICE_FAMILY = "1,2";
			};
			name = Debug;
		};
		648C7DAF1D93D7D100D1DFD1 /* Release */ = {
			isa = XCBuildConfiguration;
			buildSettings = {
				ALWAYS_SEARCH_USER_PATHS = NO;
				CLANG_ANALYZER_NONNULL = YES;
				CLANG_CXX_LANGUAGE_STANDARD = "gnu++0x";
				CLANG_CXX_LIBRARY = "libc++";
				CLANG_ENABLE_MODULES = YES;
				CLANG_ENABLE_OBJC_ARC = YES;
				CLANG_WARN_BOOL_CONVERSION = YES;
				CLANG_WARN_CONSTANT_CONVERSION = YES;
				CLANG_WARN_DIRECT_OBJC_ISA_USAGE = YES_ERROR;
				CLANG_WARN_EMPTY_BODY = YES;
				CLANG_WARN_ENUM_CONVERSION = YES;
				CLANG_WARN_INT_CONVERSION = YES;
				CLANG_WARN_OBJC_ROOT_CLASS = YES_ERROR;
				CLANG_WARN_UNREACHABLE_CODE = YES;
				CLANG_WARN__DUPLICATE_METHOD_MATCH = YES;
				"CODE_SIGN_IDENTITY[sdk=iphoneos*]" = "iPhone Developer";
				COPY_PHASE_STRIP = NO;
				DEBUG_INFORMATION_FORMAT = "dwarf-with-dsym";
				ENABLE_NS_ASSERTIONS = NO;
				ENABLE_STRICT_OBJC_MSGSEND = YES;
				GCC_C_LANGUAGE_STANDARD = gnu99;
				GCC_NO_COMMON_BLOCKS = YES;
				GCC_WARN_64_TO_32_BIT_CONVERSION = YES;
				GCC_WARN_ABOUT_RETURN_TYPE = YES_ERROR;
				GCC_WARN_UNDECLARED_SELECTOR = YES;
				GCC_WARN_UNINITIALIZED_AUTOS = YES_AGGRESSIVE;
				GCC_WARN_UNUSED_FUNCTION = YES;
				GCC_WARN_UNUSED_VARIABLE = YES;
				IPHONEOS_DEPLOYMENT_TARGET = 9.3;
				MTL_ENABLE_DEBUG_INFO = NO;
				SDKROOT = iphoneos;
				TARGETED_DEVICE_FAMILY = "1,2";
				VALIDATE_PRODUCT = YES;
			};
			name = Release;
		};
		648C7DB11D93D7D100D1DFD1 /* Debug */ = {
			isa = XCBuildConfiguration;
			buildSettings = {
				ASSETCATALOG_COMPILER_APPICON_NAME = AppIcon;
				INFOPLIST_FILE = UISegDemo/Info.plist;
				LD_RUNPATH_SEARCH_PATHS = "$(inherited) @executable_path/Frameworks";
				PRODUCT_BUNDLE_IDENTIFIER = com.yangyonghui.UISegDemo;
				PRODUCT_NAME = "$(TARGET_NAME)";
			};
			name = Debug;
		};
		648C7DB21D93D7D100D1DFD1 /* Release */ = {
			isa = XCBuildConfiguration;
			buildSettings = {
				ASSETCATALOG_COMPILER_APPICON_NAME = AppIcon;
				INFOPLIST_FILE = UISegDemo/Info.plist;
				LD_RUNPATH_SEARCH_PATHS = "$(inherited) @executable_path/Frameworks";
				PRODUCT_BUNDLE_IDENTIFIER = com.yangyonghui.UISegDemo;
				PRODUCT_NAME = "$(TARGET_NAME)";
			};
			name = Release;
		};
		648C7DB41D93D7D100D1DFD1 /* Debug */ = {
			isa = XCBuildConfiguration;
			buildSettings = {
				BUNDLE_LOADER = "$(TEST_HOST)";
				INFOPLIST_FILE = UISegDemoTests/Info.plist;
				LD_RUNPATH_SEARCH_PATHS = "$(inherited) @executable_path/Frameworks @loader_path/Frameworks";
				PRODUCT_BUNDLE_IDENTIFIER = com.yangyonghui.UISegDemoTests;
				PRODUCT_NAME = "$(TARGET_NAME)";
				TEST_HOST = "$(BUILT_PRODUCTS_DIR)/UISegDemo.app/UISegDemo";
			};
			name = Debug;
		};
		648C7DB51D93D7D100D1DFD1 /* Release */ = {
			isa = XCBuildConfiguration;
			buildSettings = {
				BUNDLE_LOADER = "$(TEST_HOST)";
				INFOPLIST_FILE = UISegDemoTests/Info.plist;
				LD_RUNPATH_SEARCH_PATHS = "$(inherited) @executable_path/Frameworks @loader_path/Frameworks";
				PRODUCT_BUNDLE_IDENTIFIER = com.yangyonghui.UISegDemoTests;
				PRODUCT_NAME = "$(TARGET_NAME)";
				TEST_HOST = "$(BUILT_PRODUCTS_DIR)/UISegDemo.app/UISegDemo";
			};
			name = Release;
		};
		648C7DB71D93D7D100D1DFD1 /* Debug */ = {
			isa = XCBuildConfiguration;
			buildSettings = {
				INFOPLIST_FILE = UISegDemoUITests/Info.plist;
				LD_RUNPATH_SEARCH_PATHS = "$(inherited) @executable_path/Frameworks @loader_path/Frameworks";
				PRODUCT_BUNDLE_IDENTIFIER = com.yangyonghui.UISegDemoUITests;
				PRODUCT_NAME = "$(TARGET_NAME)";
				TEST_TARGET_NAME = UISegDemo;
			};
			name = Debug;
		};
		648C7DB81D93D7D100D1DFD1 /* Release */ = {
			isa = XCBuildConfiguration;
			buildSettings = {
				INFOPLIST_FILE = UISegDemoUITests/Info.plist;
				LD_RUNPATH_SEARCH_PATHS = "$(inherited) @executable_path/Frameworks @loader_path/Frameworks";
				PRODUCT_BUNDLE_IDENTIFIER = com.yangyonghui.UISegDemoUITests;
				PRODUCT_NAME = "$(TARGET_NAME)";
				TEST_TARGET_NAME = UISegDemo;
			};
			name = Release;
		};
/* End XCBuildConfiguration section */

/* Begin XCConfigurationList section */
		648C7D7E1D93D7D100D1DFD1 /* Build configuration list for PBXProject "UISegDemo" */ = {
			isa = XCConfigurationList;
			buildConfigurations = (
				648C7DAE1D93D7D100D1DFD1 /* Debug */,
				648C7DAF1D93D7D100D1DFD1 /* Release */,
			);
			defaultConfigurationIsVisible = 0;
			defaultConfigurationName = Release;
		};
		648C7DB01D93D7D100D1DFD1 /* Build configuration list for PBXNativeTarget "UISegDemo" */ = {
			isa = XCConfigurationList;
			buildConfigurations = (
				648C7DB11D93D7D100D1DFD1 /* Debug */,
				648C7DB21D93D7D100D1DFD1 /* Release */,
			);
			defaultConfigurationIsVisible = 0;
			defaultConfigurationName = Release;
		};
		648C7DB31D93D7D100D1DFD1 /* Build configuration list for PBXNativeTarget "UISegDemoTests" */ = {
			isa = XCConfigurationList;
			buildConfigurations = (
				648C7DB41D93D7D100D1DFD1 /* Debug */,
				648C7DB51D93D7D100D1DFD1 /* Release */,
			);
			defaultConfigurationIsVisible = 0;
			defaultConfigurationName = Release;
		};
		648C7DB61D93D7D100D1DFD1 /* Build configuration list for PBXNativeTarget "UISegDemoUITests" */ = {
			isa = XCConfigurationList;
			buildConfigurations = (
				648C7DB71D93D7D100D1DFD1 /* Debug */,
				648C7DB81D93D7D100D1DFD1 /* Release */,
			);
			defaultConfigurationIsVisible = 0;
			defaultConfigurationName = Release;
		};
/* End XCConfigurationList section */
	};
	rootObject = 648C7D7B1D93D7D100D1DFD1 /* Project object */;
}
